// !$*UTF8*$!
{
	archiveVersion = 1;
	classes = {
	};
	objectVersion = 51;
	objects = {

/* Begin PBXBuildFile section */
		4997DF0FAF1EB0856F569FD4 /* Pods_RxSwift_Basic.framework in Frameworks */ = {isa = PBXBuildFile; fileRef = E9E858FB5216DE6F3D387B11 /* Pods_RxSwift_Basic.framework */; };
		844792B2261A1D6C00DCEF5B /* AppDelegate.swift in Sources */ = {isa = PBXBuildFile; fileRef = 844792B1261A1D6C00DCEF5B /* AppDelegate.swift */; };
		844792B4261A1D6C00DCEF5B /* SceneDelegate.swift in Sources */ = {isa = PBXBuildFile; fileRef = 844792B3261A1D6C00DCEF5B /* SceneDelegate.swift */; };
		844792B6261A1D6C00DCEF5B /* ViewController.swift in Sources */ = {isa = PBXBuildFile; fileRef = 844792B5261A1D6C00DCEF5B /* ViewController.swift */; };
		844792B9261A1D6C00DCEF5B /* Main.storyboard in Resources */ = {isa = PBXBuildFile; fileRef = 844792B7261A1D6C00DCEF5B /* Main.storyboard */; };
		844792BB261A1D7100DCEF5B /* Assets.xcassets in Resources */ = {isa = PBXBuildFile; fileRef = 844792BA261A1D7100DCEF5B /* Assets.xcassets */; };
		844792BE261A1D7100DCEF5B /* LaunchScreen.storyboard in Resources */ = {isa = PBXBuildFile; fileRef = 844792BC261A1D7100DCEF5B /* LaunchScreen.storyboard */; };
		844792C9261A1D7100DCEF5B /* RxSwift_BasicTests.swift in Sources */ = {isa = PBXBuildFile; fileRef = 844792C8261A1D7100DCEF5B /* RxSwift_BasicTests.swift */; };
		844792D4261A1D7200DCEF5B /* RxSwift_BasicUITests.swift in Sources */ = {isa = PBXBuildFile; fileRef = 844792D3261A1D7200DCEF5B /* RxSwift_BasicUITests.swift */; };
		84C9FFDA261A256100BD9025 /* Product.swift in Sources */ = {isa = PBXBuildFile; fileRef = 84C9FFD9261A256100BD9025 /* Product.swift */; };
		84C9FFDF261A25B900BD9025 /* ProductViewModel.swift in Sources */ = {isa = PBXBuildFile; fileRef = 84C9FFDE261A25B900BD9025 /* ProductViewModel.swift */; };
		858E5BA6F612479987FD8DA5 /* Pods_RxSwift_BasicTests.framework in Frameworks */ = {isa = PBXBuildFile; fileRef = 8B1FCED540D62B6218CEDD0B /* Pods_RxSwift_BasicTests.framework */; };
		8A56F8213CD9B9C0D29AA5C2 /* Pods_RxSwift_Basic_RxSwift_BasicUITests.framework in Frameworks */ = {isa = PBXBuildFile; fileRef = 1D4144E8A8E2E1D027F3322F /* Pods_RxSwift_Basic_RxSwift_BasicUITests.framework */; };
/* End PBXBuildFile section */

/* Begin PBXContainerItemProxy section */
		844792C5261A1D7100DCEF5B /* PBXContainerItemProxy */ = {
			isa = PBXContainerItemProxy;
			containerPortal = 844792A6261A1D6C00DCEF5B /* Project object */;
			proxyType = 1;
			remoteGlobalIDString = 844792AD261A1D6C00DCEF5B;
			remoteInfo = "RxSwift-Basic";
		};
		844792D0261A1D7200DCEF5B /* PBXContainerItemProxy */ = {
			isa = PBXContainerItemProxy;
			containerPortal = 844792A6261A1D6C00DCEF5B /* Project object */;
			proxyType = 1;
			remoteGlobalIDString = 844792AD261A1D6C00DCEF5B;
			remoteInfo = "RxSwift-Basic";
		};
/* End PBXContainerItemProxy section */

/* Begin PBXFileReference section */
		1D4144E8A8E2E1D027F3322F /* Pods_RxSwift_Basic_RxSwift_BasicUITests.framework */ = {isa = PBXFileReference; explicitFileType = wrapper.framework; includeInIndex = 0; path = Pods_RxSwift_Basic_RxSwift_BasicUITests.framework; sourceTree = BUILT_PRODUCTS_DIR; };
		5C7FBA2159E2CCE1C2C9954F /* Pods-RxSwift-Basic.debug.xcconfig */ = {isa = PBXFileReference; includeInIndex = 1; lastKnownFileType = text.xcconfig; name = "Pods-RxSwift-Basic.debug.xcconfig"; path = "Target Support Files/Pods-RxSwift-Basic/Pods-RxSwift-Basic.debug.xcconfig"; sourceTree = "<group>"; };
		641E1257B7B383358DC471E5 /* Pods-RxSwift-Basic.release.xcconfig */ = {isa = PBXFileReference; includeInIndex = 1; lastKnownFileType = text.xcconfig; name = "Pods-RxSwift-Basic.release.xcconfig"; path = "Target Support Files/Pods-RxSwift-Basic/Pods-RxSwift-Basic.release.xcconfig"; sourceTree = "<group>"; };
		759C0B8E25630396617A3CBD /* Pods-RxSwift-BasicTests.release.xcconfig */ = {isa = PBXFileReference; includeInIndex = 1; lastKnownFileType = text.xcconfig; name = "Pods-RxSwift-BasicTests.release.xcconfig"; path = "Target Support Files/Pods-RxSwift-BasicTests/Pods-RxSwift-BasicTests.release.xcconfig"; sourceTree = "<group>"; };
		844792AE261A1D6C00DCEF5B /* RxSwift-Basic.app */ = {isa = PBXFileReference; explicitFileType = wrapper.application; includeInIndex = 0; path = "RxSwift-Basic.app"; sourceTree = BUILT_PRODUCTS_DIR; };
		844792B1261A1D6C00DCEF5B /* AppDelegate.swift */ = {isa = PBXFileReference; lastKnownFileType = sourcecode.swift; path = AppDelegate.swift; sourceTree = "<group>"; };
		844792B3261A1D6C00DCEF5B /* SceneDelegate.swift */ = {isa = PBXFileReference; lastKnownFileType = sourcecode.swift; path = SceneDelegate.swift; sourceTree = "<group>"; };
		844792B5261A1D6C00DCEF5B /* ViewController.swift */ = {isa = PBXFileReference; lastKnownFileType = sourcecode.swift; path = ViewController.swift; sourceTree = "<group>"; };
		844792B8261A1D6C00DCEF5B /* Base */ = {isa = PBXFileReference; lastKnownFileType = file.storyboard; name = Base; path = Base.lproj/Main.storyboard; sourceTree = "<group>"; };
		844792BA261A1D7100DCEF5B /* Assets.xcassets */ = {isa = PBXFileReference; lastKnownFileType = folder.assetcatalog; path = Assets.xcassets; sourceTree = "<group>"; };
		844792BD261A1D7100DCEF5B /* Base */ = {isa = PBXFileReference; lastKnownFileType = file.storyboard; name = Base; path = Base.lproj/LaunchScreen.storyboard; sourceTree = "<group>"; };
		844792BF261A1D7100DCEF5B /* Info.plist */ = {isa = PBXFileReference; lastKnownFileType = text.plist.xml; path = Info.plist; sourceTree = "<group>"; };
		844792C4261A1D7100DCEF5B /* RxSwift-BasicTests.xctest */ = {isa = PBXFileReference; explicitFileType = wrapper.cfbundle; includeInIndex = 0; path = "RxSwift-BasicTests.xctest"; sourceTree = BUILT_PRODUCTS_DIR; };
		844792C8261A1D7100DCEF5B /* RxSwift_BasicTests.swift */ = {isa = PBXFileReference; lastKnownFileType = sourcecode.swift; path = RxSwift_BasicTests.swift; sourceTree = "<group>"; };
		844792CA261A1D7100DCEF5B /* Info.plist */ = {isa = PBXFileReference; lastKnownFileType = text.plist.xml; path = Info.plist; sourceTree = "<group>"; };
		844792CF261A1D7200DCEF5B /* RxSwift-BasicUITests.xctest */ = {isa = PBXFileReference; explicitFileType = wrapper.cfbundle; includeInIndex = 0; path = "RxSwift-BasicUITests.xctest"; sourceTree = BUILT_PRODUCTS_DIR; };
		844792D3261A1D7200DCEF5B /* RxSwift_BasicUITests.swift */ = {isa = PBXFileReference; lastKnownFileType = sourcecode.swift; path = RxSwift_BasicUITests.swift; sourceTree = "<group>"; };
		844792D5261A1D7200DCEF5B /* Info.plist */ = {isa = PBXFileReference; lastKnownFileType = text.plist.xml; path = Info.plist; sourceTree = "<group>"; };
		84C9FFD9261A256100BD9025 /* Product.swift */ = {isa = PBXFileReference; lastKnownFileType = sourcecode.swift; path = Product.swift; sourceTree = "<group>"; };
		84C9FFDE261A25B900BD9025 /* ProductViewModel.swift */ = {isa = PBXFileReference; lastKnownFileType = sourcecode.swift; path = ProductViewModel.swift; sourceTree = "<group>"; };
		8B1FCED540D62B6218CEDD0B /* Pods_RxSwift_BasicTests.framework */ = {isa = PBXFileReference; explicitFileType = wrapper.framework; includeInIndex = 0; path = Pods_RxSwift_BasicTests.framework; sourceTree = BUILT_PRODUCTS_DIR; };
		9018D55E9D7A1AE7FCD3EEC6 /* Pods-RxSwift-Basic-RxSwift-BasicUITests.release.xcconfig */ = {isa = PBXFileReference; includeInIndex = 1; lastKnownFileType = text.xcconfig; name = "Pods-RxSwift-Basic-RxSwift-BasicUITests.release.xcconfig"; path = "Target Support Files/Pods-RxSwift-Basic-RxSwift-BasicUITests/Pods-RxSwift-Basic-RxSwift-BasicUITests.release.xcconfig"; sourceTree = "<group>"; };
		E2E53DFA44403479DA097191 /* Pods-RxSwift-Basic-RxSwift-BasicUITests.debug.xcconfig */ = {isa = PBXFileReference; includeInIndex = 1; lastKnownFileType = text.xcconfig; name = "Pods-RxSwift-Basic-RxSwift-BasicUITests.debug.xcconfig"; path = "Target Support Files/Pods-RxSwift-Basic-RxSwift-BasicUITests/Pods-RxSwift-Basic-RxSwift-BasicUITests.debug.xcconfig"; sourceTree = "<group>"; };
		E9E858FB5216DE6F3D387B11 /* Pods_RxSwift_Basic.framework */ = {isa = PBXFileReference; explicitFileType = wrapper.framework; includeInIndex = 0; path = Pods_RxSwift_Basic.framework; sourceTree = BUILT_PRODUCTS_DIR; };
		F877EEFF16825A7EDD88B406 /* Pods-RxSwift-BasicTests.debug.xcconfig */ = {isa = PBXFileReference; includeInIndex = 1; lastKnownFileType = text.xcconfig; name = "Pods-RxSwift-BasicTests.debug.xcconfig"; path = "Target Support Files/Pods-RxSwift-BasicTests/Pods-RxSwift-BasicTests.debug.xcconfig"; sourceTree = "<group>"; };
/* End PBXFileReference section */

/* Begin PBXFrameworksBuildPhase section */
		844792AB261A1D6C00DCEF5B /* Frameworks */ = {
			isa = PBXFrameworksBuildPhase;
			buildActionMask = 2147483647;
			files = (
				4997DF0FAF1EB0856F569FD4 /* Pods_RxSwift_Basic.framework in Frameworks */,
			);
			runOnlyForDeploymentPostprocessing = 0;
		};
		844792C1261A1D7100DCEF5B /* Frameworks */ = {
			isa = PBXFrameworksBuildPhase;
			buildActionMask = 2147483647;
			files = (
				858E5BA6F612479987FD8DA5 /* Pods_RxSwift_BasicTests.framework in Frameworks */,
			);
			runOnlyForDeploymentPostprocessing = 0;
		};
		844792CC261A1D7200DCEF5B /* Frameworks */ = {
			isa = PBXFrameworksBuildPhase;
			buildActionMask = 2147483647;
			files = (
				8A56F8213CD9B9C0D29AA5C2 /* Pods_RxSwift_Basic_RxSwift_BasicUITests.framework in Frameworks */,
			);
			runOnlyForDeploymentPostprocessing = 0;
		};
/* End PBXFrameworksBuildPhase section */

/* Begin PBXGroup section */
		01E2AFCCF7F39775997DDF8B /* Frameworks */ = {
			isa = PBXGroup;
			children = (
				E9E858FB5216DE6F3D387B11 /* Pods_RxSwift_Basic.framework */,
				1D4144E8A8E2E1D027F3322F /* Pods_RxSwift_Basic_RxSwift_BasicUITests.framework */,
				8B1FCED540D62B6218CEDD0B /* Pods_RxSwift_BasicTests.framework */,
			);
			name = Frameworks;
			sourceTree = "<group>";
		};
		7279346BB6F69D5ED32F8472 /* Pods */ = {
			isa = PBXGroup;
			children = (
				5C7FBA2159E2CCE1C2C9954F /* Pods-RxSwift-Basic.debug.xcconfig */,
				641E1257B7B383358DC471E5 /* Pods-RxSwift-Basic.release.xcconfig */,
				E2E53DFA44403479DA097191 /* Pods-RxSwift-Basic-RxSwift-BasicUITests.debug.xcconfig */,
				9018D55E9D7A1AE7FCD3EEC6 /* Pods-RxSwift-Basic-RxSwift-BasicUITests.release.xcconfig */,
				F877EEFF16825A7EDD88B406 /* Pods-RxSwift-BasicTests.debug.xcconfig */,
				759C0B8E25630396617A3CBD /* Pods-RxSwift-BasicTests.release.xcconfig */,
			);
			path = Pods;
			sourceTree = "<group>";
		};
		844792A5261A1D6B00DCEF5B = {
			isa = PBXGroup;
			children = (
				844792B0261A1D6C00DCEF5B /* RxSwift-Basic */,
				844792C7261A1D7100DCEF5B /* RxSwift-BasicTests */,
				844792D2261A1D7200DCEF5B /* RxSwift-BasicUITests */,
				844792AF261A1D6C00DCEF5B /* Products */,
				7279346BB6F69D5ED32F8472 /* Pods */,
				01E2AFCCF7F39775997DDF8B /* Frameworks */,
			);
			sourceTree = "<group>";
		};
		844792AF261A1D6C00DCEF5B /* Products */ = {
			isa = PBXGroup;
			children = (
				844792AE261A1D6C00DCEF5B /* RxSwift-Basic.app */,
				844792C4261A1D7100DCEF5B /* RxSwift-BasicTests.xctest */,
				844792CF261A1D7200DCEF5B /* RxSwift-BasicUITests.xctest */,
			);
			name = Products;
			sourceTree = "<group>";
		};
		844792B0261A1D6C00DCEF5B /* RxSwift-Basic */ = {
			isa = PBXGroup;
			children = (
				84C9FFD8261A253A00BD9025 /* ViewModel */,
				84C9FFD7261A253300BD9025 /* Model */,
				844792B1261A1D6C00DCEF5B /* AppDelegate.swift */,
				844792B3261A1D6C00DCEF5B /* SceneDelegate.swift */,
				844792B5261A1D6C00DCEF5B /* ViewController.swift */,
				844792B7261A1D6C00DCEF5B /* Main.storyboard */,
				844792BA261A1D7100DCEF5B /* Assets.xcassets */,
				844792BC261A1D7100DCEF5B /* LaunchScreen.storyboard */,
				844792BF261A1D7100DCEF5B /* Info.plist */,
			);
			path = "RxSwift-Basic";
			sourceTree = "<group>";
		};
		844792C7261A1D7100DCEF5B /* RxSwift-BasicTests */ = {
			isa = PBXGroup;
			children = (
				844792C8261A1D7100DCEF5B /* RxSwift_BasicTests.swift */,
				844792CA261A1D7100DCEF5B /* Info.plist */,
			);
			path = "RxSwift-BasicTests";
			sourceTree = "<group>";
		};
		844792D2261A1D7200DCEF5B /* RxSwift-BasicUITests */ = {
			isa = PBXGroup;
			children = (
				844792D3261A1D7200DCEF5B /* RxSwift_BasicUITests.swift */,
				844792D5261A1D7200DCEF5B /* Info.plist */,
			);
			path = "RxSwift-BasicUITests";
			sourceTree = "<group>";
		};
		84C9FFD7261A253300BD9025 /* Model */ = {
			isa = PBXGroup;
			children = (
				84C9FFD9261A256100BD9025 /* Product.swift */,
			);
			path = Model;
			sourceTree = "<group>";
		};
		84C9FFD8261A253A00BD9025 /* ViewModel */ = {
			isa = PBXGroup;
			children = (
				84C9FFDE261A25B900BD9025 /* ProductViewModel.swift */,
			);
			path = ViewModel;
			sourceTree = "<group>";
		};
/* End PBXGroup section */

/* Begin PBXNativeTarget section */
		844792AD261A1D6C00DCEF5B /* RxSwift-Basic */ = {
			isa = PBXNativeTarget;
			buildConfigurationList = 844792D8261A1D7200DCEF5B /* Build configuration list for PBXNativeTarget "RxSwift-Basic" */;
			buildPhases = (
				A1640426E5E91F4BA64FDE2F /* [CP] Check Pods Manifest.lock */,
				844792AA261A1D6C00DCEF5B /* Sources */,
				844792AB261A1D6C00DCEF5B /* Frameworks */,
				844792AC261A1D6C00DCEF5B /* Resources */,
				D31BD7F121AC45AAA26208F9 /* [CP] Embed Pods Frameworks */,
			);
			buildRules = (
			);
			dependencies = (
			);
			name = "RxSwift-Basic";
			productName = "RxSwift-Basic";
			productReference = 844792AE261A1D6C00DCEF5B /* RxSwift-Basic.app */;
			productType = "com.apple.product-type.application";
		};
		844792C3261A1D7100DCEF5B /* RxSwift-BasicTests */ = {
			isa = PBXNativeTarget;
			buildConfigurationList = 844792DB261A1D7200DCEF5B /* Build configuration list for PBXNativeTarget "RxSwift-BasicTests" */;
			buildPhases = (
				62DE2E4429293E13DE698060 /* [CP] Check Pods Manifest.lock */,
				844792C0261A1D7100DCEF5B /* Sources */,
				844792C1261A1D7100DCEF5B /* Frameworks */,
				844792C2261A1D7100DCEF5B /* Resources */,
			);
			buildRules = (
			);
			dependencies = (
				844792C6261A1D7100DCEF5B /* PBXTargetDependency */,
			);
			name = "RxSwift-BasicTests";
			productName = "RxSwift-BasicTests";
			productReference = 844792C4261A1D7100DCEF5B /* RxSwift-BasicTests.xctest */;
			productType = "com.apple.product-type.bundle.unit-test";
		};
		844792CE261A1D7200DCEF5B /* RxSwift-BasicUITests */ = {
			isa = PBXNativeTarget;
			buildConfigurationList = 844792DE261A1D7200DCEF5B /* Build configuration list for PBXNativeTarget "RxSwift-BasicUITests" */;
			buildPhases = (
				308708DFB7602CE1129F8EC2 /* [CP] Check Pods Manifest.lock */,
				844792CB261A1D7200DCEF5B /* Sources */,
				844792CC261A1D7200DCEF5B /* Frameworks */,
				844792CD261A1D7200DCEF5B /* Resources */,
				E0F8434B24B9DE3F565BB8B4 /* [CP] Embed Pods Frameworks */,
			);
			buildRules = (
			);
			dependencies = (
				844792D1261A1D7200DCEF5B /* PBXTargetDependency */,
			);
			name = "RxSwift-BasicUITests";
			productName = "RxSwift-BasicUITests";
			productReference = 844792CF261A1D7200DCEF5B /* RxSwift-BasicUITests.xctest */;
			productType = "com.apple.product-type.bundle.ui-testing";
		};
/* End PBXNativeTarget section */

/* Begin PBXProject section */
		844792A6261A1D6C00DCEF5B /* Project object */ = {
			isa = PBXProject;
			attributes = {
				LastSwiftUpdateCheck = 1240;
				LastUpgradeCheck = 1240;
				TargetAttributes = {
					844792AD261A1D6C00DCEF5B = {
						CreatedOnToolsVersion = 12.4;
					};
					844792C3261A1D7100DCEF5B = {
						CreatedOnToolsVersion = 12.4;
						TestTargetID = 844792AD261A1D6C00DCEF5B;
					};
					844792CE261A1D7200DCEF5B = {
						CreatedOnToolsVersion = 12.4;
						TestTargetID = 844792AD261A1D6C00DCEF5B;
					};
				};
			};
			buildConfigurationList = 844792A9261A1D6C00DCEF5B /* Build configuration list for PBXProject "RxSwift-Basic" */;
			compatibilityVersion = "Xcode 9.3";
			developmentRegion = en;
			hasScannedForEncodings = 0;
			knownRegions = (
				en,
				Base,
			);
			mainGroup = 844792A5261A1D6B00DCEF5B;
			productRefGroup = 844792AF261A1D6C00DCEF5B /* Products */;
			projectDirPath = "";
			projectRoot = "";
			targets = (
				844792AD261A1D6C00DCEF5B /* RxSwift-Basic */,
				844792C3261A1D7100DCEF5B /* RxSwift-BasicTests */,
				844792CE261A1D7200DCEF5B /* RxSwift-BasicUITests */,
			);
		};
/* End PBXProject section */

/* Begin PBXResourcesBuildPhase section */
		844792AC261A1D6C00DCEF5B /* Resources */ = {
			isa = PBXResourcesBuildPhase;
			buildActionMask = 2147483647;
			files = (
				844792BE261A1D7100DCEF5B /* LaunchScreen.storyboard in Resources */,
				844792BB261A1D7100DCEF5B /* Assets.xcassets in Resources */,
				844792B9261A1D6C00DCEF5B /* Main.storyboard in Resources */,
			);
			runOnlyForDeploymentPostprocessing = 0;
		};
		844792C2261A1D7100DCEF5B /* Resources */ = {
			isa = PBXResourcesBuildPhase;
			buildActionMask = 2147483647;
			files = (
			);
			runOnlyForDeploymentPostprocessing = 0;
		};
		844792CD261A1D7200DCEF5B /* Resources */ = {
			isa = PBXResourcesBuildPhase;
			buildActionMask = 2147483647;
			files = (
			);
			runOnlyForDeploymentPostprocessing = 0;
		};
/* End PBXResourcesBuildPhase section */

/* Begin PBXShellScriptBuildPhase section */
		308708DFB7602CE1129F8EC2 /* [CP] Check Pods Manifest.lock */ = {
			isa = PBXShellScriptBuildPhase;
			buildActionMask = 2147483647;
			files = (
			);
			inputFileListPaths = (
			);
			inputPaths = (
				"${PODS_PODFILE_DIR_PATH}/Podfile.lock",
				"${PODS_ROOT}/Manifest.lock",
			);
			name = "[CP] Check Pods Manifest.lock";
			outputFileListPaths = (
			);
			outputPaths = (
				"$(DERIVED_FILE_DIR)/Pods-RxSwift-Basic-RxSwift-BasicUITests-checkManifestLockResult.txt",
			);
			runOnlyForDeploymentPostprocessing = 0;
			shellPath = /bin/sh;
			shellScript = "diff \"${PODS_PODFILE_DIR_PATH}/Podfile.lock\" \"${PODS_ROOT}/Manifest.lock\" > /dev/null\nif [ $? != 0 ] ; then\n    # print error to STDERR\n    echo \"error: The sandbox is not in sync with the Podfile.lock. Run 'pod install' or update your CocoaPods installation.\" >&2\n    exit 1\nfi\n# This output is used by Xcode 'outputs' to avoid re-running this script phase.\necho \"SUCCESS\" > \"${SCRIPT_OUTPUT_FILE_0}\"\n";
			showEnvVarsInLog = 0;
		};
		62DE2E4429293E13DE698060 /* [CP] Check Pods Manifest.lock */ = {
			isa = PBXShellScriptBuildPhase;
			buildActionMask = 2147483647;
			files = (
			);
			inputFileListPaths = (
			);
			inputPaths = (
				"${PODS_PODFILE_DIR_PATH}/Podfile.lock",
				"${PODS_ROOT}/Manifest.lock",
			);
			name = "[CP] Check Pods Manifest.lock";
			outputFileListPaths = (
			);
			outputPaths = (
				"$(DERIVED_FILE_DIR)/Pods-RxSwift-BasicTests-checkManifestLockResult.txt",
			);
			runOnlyForDeploymentPostprocessing = 0;
			shellPath = /bin/sh;
			shellScript = "diff \"${PODS_PODFILE_DIR_PATH}/Podfile.lock\" \"${PODS_ROOT}/Manifest.lock\" > /dev/null\nif [ $? != 0 ] ; then\n    # print error to STDERR\n    echo \"error: The sandbox is not in sync with the Podfile.lock. Run 'pod install' or update your CocoaPods installation.\" >&2\n    exit 1\nfi\n# This output is used by Xcode 'outputs' to avoid re-running this script phase.\necho \"SUCCESS\" > \"${SCRIPT_OUTPUT_FILE_0}\"\n";
			showEnvVarsInLog = 0;
		};
		A1640426E5E91F4BA64FDE2F /* [CP] Check Pods Manifest.lock */ = {
			isa = PBXShellScriptBuildPhase;
			buildActionMask = 2147483647;
			files = (
			);
			inputFileListPaths = (
			);
			inputPaths = (
				"${PODS_PODFILE_DIR_PATH}/Podfile.lock",
				"${PODS_ROOT}/Manifest.lock",
			);
			name = "[CP] Check Pods Manifest.lock";
			outputFileListPaths = (
			);
			outputPaths = (
				"$(DERIVED_FILE_DIR)/Pods-RxSwift-Basic-checkManifestLockResult.txt",
			);
			runOnlyForDeploymentPostprocessing = 0;
			shellPath = /bin/sh;
			shellScript = "diff \"${PODS_PODFILE_DIR_PATH}/Podfile.lock\" \"${PODS_ROOT}/Manifest.lock\" > /dev/null\nif [ $? != 0 ] ; then\n    # print error to STDERR\n    echo \"error: The sandbox is not in sync with the Podfile.lock. Run 'pod install' or update your CocoaPods installation.\" >&2\n    exit 1\nfi\n# This output is used by Xcode 'outputs' to avoid re-running this script phase.\necho \"SUCCESS\" > \"${SCRIPT_OUTPUT_FILE_0}\"\n";
			showEnvVarsInLog = 0;
		};
		D31BD7F121AC45AAA26208F9 /* [CP] Embed Pods Frameworks */ = {
			isa = PBXShellScriptBuildPhase;
			buildActionMask = 2147483647;
			files = (
			);
			inputFileListPaths = (
				"${PODS_ROOT}/Target Support Files/Pods-RxSwift-Basic/Pods-RxSwift-Basic-frameworks-${CONFIGURATION}-input-files.xcfilelist",
			);
			name = "[CP] Embed Pods Frameworks";
			outputFileListPaths = (
				"${PODS_ROOT}/Target Support Files/Pods-RxSwift-Basic/Pods-RxSwift-Basic-frameworks-${CONFIGURATION}-output-files.xcfilelist",
			);
			runOnlyForDeploymentPostprocessing = 0;
			shellPath = /bin/sh;
			shellScript = "\"${PODS_ROOT}/Target Support Files/Pods-RxSwift-Basic/Pods-RxSwift-Basic-frameworks.sh\"\n";
			showEnvVarsInLog = 0;
		};
		E0F8434B24B9DE3F565BB8B4 /* [CP] Embed Pods Frameworks */ = {
			isa = PBXShellScriptBuildPhase;
			buildActionMask = 2147483647;
			files = (
			);
			inputFileListPaths = (
				"${PODS_ROOT}/Target Support Files/Pods-RxSwift-Basic-RxSwift-BasicUITests/Pods-RxSwift-Basic-RxSwift-BasicUITests-frameworks-${CONFIGURATION}-input-files.xcfilelist",
			);
			name = "[CP] Embed Pods Frameworks";
			outputFileListPaths = (
				"${PODS_ROOT}/Target Support Files/Pods-RxSwift-Basic-RxSwift-BasicUITests/Pods-RxSwift-Basic-RxSwift-BasicUITests-frameworks-${CONFIGURATION}-output-files.xcfilelist",
			);
			runOnlyForDeploymentPostprocessing = 0;
			shellPath = /bin/sh;
			shellScript = "\"${PODS_ROOT}/Target Support Files/Pods-RxSwift-Basic-RxSwift-BasicUITests/Pods-RxSwift-Basic-RxSwift-BasicUITests-frameworks.sh\"\n";
			showEnvVarsInLog = 0;
		};
/* End PBXShellScriptBuildPhase section */

/* Begin PBXSourcesBuildPhase section */
		844792AA261A1D6C00DCEF5B /* Sources */ = {
			isa = PBXSourcesBuildPhase;
			buildActionMask = 2147483647;
			files = (
				844792B6261A1D6C00DCEF5B /* ViewController.swift in Sources */,
				84C9FFDA261A256100BD9025 /* Product.swift in Sources */,
				844792B2261A1D6C00DCEF5B /* AppDelegate.swift in Sources */,
				844792B4261A1D6C00DCEF5B /* SceneDelegate.swift in Sources */,
				84C9FFDF261A25B900BD9025 /* ProductViewModel.swift in Sources */,
			);
			runOnlyForDeploymentPostprocessing = 0;
		};
		844792C0261A1D7100DCEF5B /* Sources */ = {
			isa = PBXSourcesBuildPhase;
			buildActionMask = 2147483647;
			files = (
				844792C9261A1D7100DCEF5B /* RxSwift_BasicTests.swift in Sources */,
			);
			runOnlyForDeploymentPostprocessing = 0;
		};
		844792CB261A1D7200DCEF5B /* Sources */ = {
			isa = PBXSourcesBuildPhase;
			buildActionMask = 2147483647;
			files = (
				844792D4261A1D7200DCEF5B /* RxSwift_BasicUITests.swift in Sources */,
			);
			runOnlyForDeploymentPostprocessing = 0;
		};
/* End PBXSourcesBuildPhase section */

/* Begin PBXTargetDependency section */
		844792C6261A1D7100DCEF5B /* PBXTargetDependency */ = {
			isa = PBXTargetDependency;
			target = 844792AD261A1D6C00DCEF5B /* RxSwift-Basic */;
			targetProxy = 844792C5261A1D7100DCEF5B /* PBXContainerItemProxy */;
		};
		844792D1261A1D7200DCEF5B /* PBXTargetDependency */ = {
			isa = PBXTargetDependency;
			target = 844792AD261A1D6C00DCEF5B /* RxSwift-Basic */;
			targetProxy = 844792D0261A1D7200DCEF5B /* PBXContainerItemProxy */;
		};
/* End PBXTargetDependency section */

/* Begin PBXVariantGroup section */
		844792B7261A1D6C00DCEF5B /* Main.storyboard */ = {
			isa = PBXVariantGroup;
			children = (
				844792B8261A1D6C00DCEF5B /* Base */,
			);
			name = Main.storyboard;
			sourceTree = "<group>";
		};
		844792BC261A1D7100DCEF5B /* LaunchScreen.storyboard */ = {
			isa = PBXVariantGroup;
			children = (
				844792BD261A1D7100DCEF5B /* Base */,
			);
			name = LaunchScreen.storyboard;
			sourceTree = "<group>";
		};
/* End PBXVariantGroup section */

/* Begin XCBuildConfiguration section */
		844792D6261A1D7200DCEF5B /* Debug */ = {
			isa = XCBuildConfiguration;
			buildSettings = {
				ALWAYS_SEARCH_USER_PATHS = NO;
				CLANG_ANALYZER_NONNULL = YES;
				CLANG_ANALYZER_NUMBER_OBJECT_CONVERSION = YES_AGGRESSIVE;
				CLANG_CXX_LANGUAGE_STANDARD = "gnu++14";
				CLANG_CXX_LIBRARY = "libc++";
				CLANG_ENABLE_MODULES = YES;
				CLANG_ENABLE_OBJC_ARC = YES;
				CLANG_ENABLE_OBJC_WEAK = YES;
				CLANG_WARN_BLOCK_CAPTURE_AUTORELEASING = YES;
				CLANG_WARN_BOOL_CONVERSION = YES;
				CLANG_WARN_COMMA = YES;
				CLANG_WARN_CONSTANT_CONVERSION = YES;
				CLANG_WARN_DEPRECATED_OBJC_IMPLEMENTATIONS = YES;
				CLANG_WARN_DIRECT_OBJC_ISA_USAGE = YES_ERROR;
				CLANG_WARN_DOCUMENTATION_COMMENTS = YES;
				CLANG_WARN_EMPTY_BODY = YES;
				CLANG_WARN_ENUM_CONVERSION = YES;
				CLANG_WARN_INFINITE_RECURSION = YES;
				CLANG_WARN_INT_CONVERSION = YES;
				CLANG_WARN_NON_LITERAL_NULL_CONVERSION = YES;
				CLANG_WARN_OBJC_IMPLICIT_RETAIN_SELF = YES;
				CLANG_WARN_OBJC_LITERAL_CONVERSION = YES;
				CLANG_WARN_OBJC_ROOT_CLASS = YES_ERROR;
				CLANG_WARN_QUOTED_INCLUDE_IN_FRAMEWORK_HEADER = YES;
				CLANG_WARN_RANGE_LOOP_ANALYSIS = YES;
				CLANG_WARN_STRICT_PROTOTYPES = YES;
				CLANG_WARN_SUSPICIOUS_MOVE = YES;
				CLANG_WARN_UNGUARDED_AVAILABILITY = YES_AGGRESSIVE;
				CLANG_WARN_UNREACHABLE_CODE = YES;
				CLANG_WARN__DUPLICATE_METHOD_MATCH = YES;
				COPY_PHASE_STRIP = NO;
				DEBUG_INFORMATION_FORMAT = dwarf;
				ENABLE_STRICT_OBJC_MSGSEND = YES;
				ENABLE_TESTABILITY = YES;
				GCC_C_LANGUAGE_STANDARD = gnu11;
				GCC_DYNAMIC_NO_PIC = NO;
				GCC_NO_COMMON_BLOCKS = YES;
				GCC_OPTIMIZATION_LEVEL = 0;
				GCC_PREPROCESSOR_DEFINITIONS = (
					"DEBUG=1",
					"$(inherited)",
				);
				GCC_WARN_64_TO_32_BIT_CONVERSION = YES;
				GCC_WARN_ABOUT_RETURN_TYPE = YES_ERROR;
				GCC_WARN_UNDECLARED_SELECTOR = YES;
				GCC_WARN_UNINITIALIZED_AUTOS = YES_AGGRESSIVE;
				GCC_WARN_UNUSED_FUNCTION = YES;
				GCC_WARN_UNUSED_VARIABLE = YES;
				IPHONEOS_DEPLOYMENT_TARGET = 14.4;
				MTL_ENABLE_DEBUG_INFO = INCLUDE_SOURCE;
				MTL_FAST_MATH = YES;
				ONLY_ACTIVE_ARCH = YES;
				SDKROOT = iphoneos;
				SWIFT_ACTIVE_COMPILATION_CONDITIONS = DEBUG;
				SWIFT_OPTIMIZATION_LEVEL = "-Onone";
			};
			name = Debug;
		};
		844792D7261A1D7200DCEF5B /* Release */ = {
			isa = XCBuildConfiguration;
			buildSettings = {
				ALWAYS_SEARCH_USER_PATHS = NO;
				CLANG_ANALYZER_NONNULL = YES;
				CLANG_ANALYZER_NUMBER_OBJECT_CONVERSION = YES_AGGRESSIVE;
				CLANG_CXX_LANGUAGE_STANDARD = "gnu++14";
				CLANG_CXX_LIBRARY = "libc++";
				CLANG_ENABLE_MODULES = YES;
				CLANG_ENABLE_OBJC_ARC = YES;
				CLANG_ENABLE_OBJC_WEAK = YES;
				CLANG_WARN_BLOCK_CAPTURE_AUTORELEASING = YES;
				CLANG_WARN_BOOL_CONVERSION = YES;
				CLANG_WARN_COMMA = YES;
				CLANG_WARN_CONSTANT_CONVERSION = YES;
				CLANG_WARN_DEPRECATED_OBJC_IMPLEMENTATIONS = YES;
				CLANG_WARN_DIRECT_OBJC_ISA_USAGE = YES_ERROR;
				CLANG_WARN_DOCUMENTATION_COMMENTS = YES;
				CLANG_WARN_EMPTY_BODY = YES;
				CLANG_WARN_ENUM_CONVERSION = YES;
				CLANG_WARN_INFINITE_RECURSION = YES;
				CLANG_WARN_INT_CONVERSION = YES;
				CLANG_WARN_NON_LITERAL_NULL_CONVERSION = YES;
				CLANG_WARN_OBJC_IMPLICIT_RETAIN_SELF = YES;
				CLANG_WARN_OBJC_LITERAL_CONVERSION = YES;
				CLANG_WARN_OBJC_ROOT_CLASS = YES_ERROR;
				CLANG_WARN_QUOTED_INCLUDE_IN_FRAMEWORK_HEADER = YES;
				CLANG_WARN_RANGE_LOOP_ANALYSIS = YES;
				CLANG_WARN_STRICT_PROTOTYPES = YES;
				CLANG_WARN_SUSPICIOUS_MOVE = YES;
				CLANG_WARN_UNGUARDED_AVAILABILITY = YES_AGGRESSIVE;
				CLANG_WARN_UNREACHABLE_CODE = YES;
				CLANG_WARN__DUPLICATE_METHOD_MATCH = YES;
				COPY_PHASE_STRIP = NO;
				DEBUG_INFORMATION_FORMAT = "dwarf-with-dsym";
				ENABLE_NS_ASSERTIONS = NO;
				ENABLE_STRICT_OBJC_MSGSEND = YES;
				GCC_C_LANGUAGE_STANDARD = gnu11;
				GCC_NO_COMMON_BLOCKS = YES;
				GCC_WARN_64_TO_32_BIT_CONVERSION = YES;
				GCC_WARN_ABOUT_RETURN_TYPE = YES_ERROR;
				GCC_WARN_UNDECLARED_SELECTOR = YES;
				GCC_WARN_UNINITIALIZED_AUTOS = YES_AGGRESSIVE;
				GCC_WARN_UNUSED_FUNCTION = YES;
				GCC_WARN_UNUSED_VARIABLE = YES;
				IPHONEOS_DEPLOYMENT_TARGET = 14.4;
				MTL_ENABLE_DEBUG_INFO = NO;
				MTL_FAST_MATH = YES;
				SDKROOT = iphoneos;
				SWIFT_COMPILATION_MODE = wholemodule;
				SWIFT_OPTIMIZATION_LEVEL = "-O";
				VALIDATE_PRODUCT = YES;
			};
			name = Release;
		};
		844792D9261A1D7200DCEF5B /* Debug */ = {
			isa = XCBuildConfiguration;
			baseConfigurationReference = 5C7FBA2159E2CCE1C2C9954F /* Pods-RxSwift-Basic.debug.xcconfig */;
			buildSettings = {
				ASSETCATALOG_COMPILER_APPICON_NAME = AppIcon;
				ASSETCATALOG_COMPILER_GLOBAL_ACCENT_COLOR_NAME = AccentColor;
				CODE_SIGN_STYLE = Automatic;
				DEVELOPMENT_TEAM = DBD2357J7Z;
				INFOPLIST_FILE = "RxSwift-Basic/Info.plist";
				LD_RUNPATH_SEARCH_PATHS = (
					"$(inherited)",
					"@executable_path/Frameworks",
				);
				PRODUCT_BUNDLE_IDENTIFIER = "id.co.xProject.RxSwift-Basic";
				PRODUCT_NAME = "$(TARGET_NAME)";
				SWIFT_VERSION = 5.0;
				TARGETED_DEVICE_FAMILY = "1,2";
			};
			name = Debug;
		};
		844792DA261A1D7200DCEF5B /* Release */ = {
			isa = XCBuildConfiguration;
			baseConfigurationReference = 641E1257B7B383358DC471E5 /* Pods-RxSwift-Basic.release.xcconfig */;
			buildSettings = {
				ASSETCATALOG_COMPILER_APPICON_NAME = AppIcon;
				ASSETCATALOG_COMPILER_GLOBAL_ACCENT_COLOR_NAME = AccentColor;
				CODE_SIGN_STYLE = Automatic;
				DEVELOPMENT_TEAM = DBD2357J7Z;
				INFOPLIST_FILE = "RxSwift-Basic/Info.plist";
				LD_RUNPATH_SEARCH_PATHS = (
					"$(inherited)",
					"@executable_path/Frameworks",
				);
				PRODUCT_BUNDLE_IDENTIFIER = "id.co.xProject.RxSwift-Basic";
				PRODUCT_NAME = "$(TARGET_NAME)";
				SWIFT_VERSION = 5.0;
				TARGETED_DEVICE_FAMILY = "1,2";
			};
			name = Release;
		};
		844792DC261A1D7200DCEF5B /* Debug */ = {
			isa = XCBuildConfiguration;
			baseConfigurationReference = F877EEFF16825A7EDD88B406 /* Pods-RxSwift-BasicTests.debug.xcconfig */;
			buildSettings = {
				ALWAYS_EMBED_SWIFT_STANDARD_LIBRARIES = YES;
				BUNDLE_LOADER = "$(TEST_HOST)";
				CODE_SIGN_STYLE = Automatic;
				DEVELOPMENT_TEAM = DBD2357J7Z;
				INFOPLIST_FILE = "RxSwift-BasicTests/Info.plist";
				IPHONEOS_DEPLOYMENT_TARGET = 14.4;
				LD_RUNPATH_SEARCH_PATHS = (
					"$(inherited)",
					"@executable_path/Frameworks",
					"@loader_path/Frameworks",
				);
				PRODUCT_BUNDLE_IDENTIFIER = "id.co.xProject.RxSwift-BasicTests";
				PRODUCT_NAME = "$(TARGET_NAME)";
				SWIFT_VERSION = 5.0;
				TARGETED_DEVICE_FAMILY = "1,2";
				TEST_HOST = "$(BUILT_PRODUCTS_DIR)/RxSwift-Basic.app/RxSwift-Basic";
			};
			name = Debug;
		};
		844792DD261A1D7200DCEF5B /* Release */ = {
			isa = XCBuildConfiguration;
			baseConfigurationReference = 759C0B8E25630396617A3CBD /* Pods-RxSwift-BasicTests.release.xcconfig */;
			buildSettings = {
				ALWAYS_EMBED_SWIFT_STANDARD_LIBRARIES = YES;
				BUNDLE_LOADER = "$(TEST_HOST)";
				CODE_SIGN_STYLE = Automatic;
				DEVELOPMENT_TEAM = DBD2357J7Z;
				INFOPLIST_FILE = "RxSwift-BasicTests/Info.plist";
				IPHONEOS_DEPLOYMENT_TARGET = 14.4;
				LD_RUNPATH_SEARCH_PATHS = (
					"$(inherited)",
					"@executable_path/Frameworks",
					"@loader_path/Frameworks",
				);
				PRODUCT_BUNDLE_IDENTIFIER = "id.co.xProject.RxSwift-BasicTests";
				PRODUCT_NAME = "$(TARGET_NAME)";
				SWIFT_VERSION = 5.0;
				TARGETED_DEVICE_FAMILY = "1,2";
				TEST_HOST = "$(BUILT_PRODUCTS_DIR)/RxSwift-Basic.app/RxSwift-Basic";
			};
			name = Release;
		};
		844792DF261A1D7200DCEF5B /* Debug */ = {
			isa = XCBuildConfiguration;
			baseConfigurationReference = E2E53DFA44403479DA097191 /* Pods-RxSwift-Basic-RxSwift-BasicUITests.debug.xcconfig */;
			buildSettings = {
				ALWAYS_EMBED_SWIFT_STANDARD_LIBRARIES = YES;
				CODE_SIGN_STYLE = Automatic;
				DEVELOPMENT_TEAM = DBD2357J7Z;
				INFOPLIST_FILE = "RxSwift-BasicUITests/Info.plist";
				LD_RUNPATH_SEARCH_PATHS = (
					"$(inherited)",
					"@executable_path/Frameworks",
					"@loader_path/Frameworks",
				);
				PRODUCT_BUNDLE_IDENTIFIER = "id.co.xProject.RxSwift-BasicUITests";
				PRODUCT_NAME = "$(TARGET_NAME)";
				SWIFT_VERSION = 5.0;
				TARGETED_DEVICE_FAMILY = "1,2";
				TEST_TARGET_NAME = "RxSwift-Basic";
			};
			name = Debug;
		};
		844792E0261A1D7200DCEF5B /* Release */ = {
			isa = XCBuildConfiguration;
			baseConfigurationReference = 9018D55E9D7A1AE7FCD3EEC6 /* Pods-RxSwift-Basic-RxSwift-BasicUITests.release.xcconfig */;
			buildSettings = {
				ALWAYS_EMBED_SWIFT_STANDARD_LIBRARIES = YES;
				CODE_SIGN_STYLE = Automatic;
				DEVELOPMENT_TEAM = DBD2357J7Z;
				INFOPLIST_FILE = "RxSwift-BasicUITests/Info.plist";
				LD_RUNPATH_SEARCH_PATHS = (
					"$(inherited)",
					"@executable_path/Frameworks",
					"@loader_path/Frameworks",
				);
				PRODUCT_BUNDLE_IDENTIFIER = "id.co.xProject.RxSwift-BasicUITests";
				PRODUCT_NAME = "$(TARGET_NAME)";
				SWIFT_VERSION = 5.0;
				TARGETED_DEVICE_FAMILY = "1,2";
				TEST_TARGET_NAME = "RxSwift-Basic";
			};
			name = Release;
		};
/* End XCBuildConfiguration section */

/* Begin XCConfigurationList section */
		844792A9261A1D6C00DCEF5B /* Build configuration list for PBXProject "RxSwift-Basic" */ = {
			isa = XCConfigurationList;
			buildConfigurations = (
				844792D6261A1D7200DCEF5B /* Debug */,
				844792D7261A1D7200DCEF5B /* Release */,
			);
			defaultConfigurationIsVisible = 0;
			defaultConfigurationName = Release;
		};
		844792D8261A1D7200DCEF5B /* Build configuration list for PBXNativeTarget "RxSwift-Basic" */ = {
			isa = XCConfigurationList;
			buildConfigurations = (
				844792D9261A1D7200DCEF5B /* Debug */,
				844792DA261A1D7200DCEF5B /* Release */,
			);
			defaultConfigurationIsVisible = 0;
			defaultConfigurationName = Release;
		};
		844792DB261A1D7200DCEF5B /* Build configuration list for PBXNativeTarget "RxSwift-BasicTests" */ = {
			isa = XCConfigurationList;
			buildConfigurations = (
				844792DC261A1D7200DCEF5B /* Debug */,
				844792DD261A1D7200DCEF5B /* Release */,
			);
			defaultConfigurationIsVisible = 0;
			defaultConfigurationName = Release;
		};
		844792DE261A1D7200DCEF5B /* Build configuration list for PBXNativeTarget "RxSwift-BasicUITests" */ = {
			isa = XCConfigurationList;
			buildConfigurations = (
				844792DF261A1D7200DCEF5B /* Debug */,
				844792E0261A1D7200DCEF5B /* Release */,
			);
			defaultConfigurationIsVisible = 0;
			defaultConfigurationName = Release;
		};
/* End XCConfigurationList section */
	};
	rootObject = 844792A6261A1D6C00DCEF5B /* Project object */;
}
